
Microsoft Visual Studio Solution File, Format Version 12.00
# Visual Studio Version 17
VisualStudioVersion = 17.8.34525.116
MinimumVisualStudioVersion = 10.0.40219.1
Project("{FAE04EC0-301F-11D3-BF4B-00C04F79EFBC}") = "ToDoList.API", "ToDoList\ToDoList.API.csproj", "{87D84A2C-1003-4D31-8F3F-16DD3BA9F848}"
EndProject
Project("{FAE04EC0-301F-11D3-BF4B-00C04F79EFBC}") = "Application", "Application\Application.csproj", "{5FD4005A-6D98-4E8A-8BD8-E45F853C8F47}"
EndProject
Project("{FAE04EC0-301F-11D3-BF4B-00C04F79EFBC}") = "Domain", "Domain\Domain.csproj", "{3C11D79D-D733-4609-8041-120F912DCFA0}"
EndProject
Project("{FAE04EC0-301F-11D3-BF4B-00C04F79EFBC}") = "Infrastructure", "Infrastructure\Infrastructure.csproj", "{BE85C2B6-C297-49C3-93E6-6E18D362B7CE}"
EndProject
Global
	GlobalSection(SolutionConfigurationPlatforms) = preSolution
		Debug|Any CPU = Debug|Any CPU
		Release|Any CPU = Release|Any CPU
	EndGlobalSection
	GlobalSection(ProjectConfigurationPlatforms) = postSolution
		{87D84A2C-1003-4D31-8F3F-16DD3BA9F848}.Debug|Any CPU.ActiveCfg = Debug|Any CPU
		{87D84A2C-1003-4D31-8F3F-16DD3BA9F848}.Debug|Any CPU.Build.0 = Debug|Any CPU
		{87D84A2C-1003-4D31-8F3F-16DD3BA9F848}.Release|Any CPU.ActiveCfg = Release|Any CPU
		{87D84A2C-1003-4D31-8F3F-16DD3BA9F848}.Release|Any CPU.Build.0 = Release|Any CPU
		{5FD4005A-6D98-4E8A-8BD8-E45F853C8F47}.Debug|Any CPU.ActiveCfg = Debug|Any CPU
		{5FD4005A-6D98-4E8A-8BD8-E45F853C8F47}.Debug|Any CPU.Build.0 = Debug|Any CPU
		{5FD4005A-6D98-4E8A-8BD8-E45F853C8F47}.Release|Any CPU.ActiveCfg = Release|Any CPU
		{5FD4005A-6D98-4E8A-8BD8-E45F853C8F47}.Release|Any CPU.Build.0 = Release|Any CPU
		{3C11D79D-D733-4609-8041-120F912DCFA0}.Debug|Any CPU.ActiveCfg = Debug|Any CPU
		{3C11D79D-D733-4609-8041-120F912DCFA0}.Debug|Any CPU.Build.0 = Debug|Any CPU
		{3C11D79D-D733-4609-8041-120F912DCFA0}.Release|Any CPU.ActiveCfg = Release|Any CPU
		{3C11D79D-D733-4609-8041-120F912DCFA0}.Release|Any CPU.Build.0 = Release|Any CPU
		{BE85C2B6-C297-49C3-93E6-6E18D362B7CE}.Debug|Any CPU.ActiveCfg = Debug|Any CPU
		{BE85C2B6-C297-49C3-93E6-6E18D362B7CE}.Debug|Any CPU.Build.0 = Debug|Any CPU
		{BE85C2B6-C297-49C3-93E6-6E18D362B7CE}.Release|Any CPU.ActiveCfg = Release|Any CPU
		{BE85C2B6-C297-49C3-93E6-6E18D362B7CE}.Release|Any CPU.Build.0 = Release|Any CPU
	EndGlobalSection
	GlobalSection(SolutionProperties) = preSolution
		HideSolutionNode = FALSE
	EndGlobalSection
	GlobalSection(ExtensibilityGlobals) = postSolution
		SolutionGuid = {A74C68C4-1D43-4E13-BC77-1878B44D8190}
	EndGlobalSection
EndGlobal
